
Microsoft Visual Studio Solution File, Format Version 12.00
# Visual Studio 15
VisualStudioVersion = 15.0.28307.960
MinimumVisualStudioVersion = 10.0.40219.1
Project("{FAE04EC0-301F-11D3-BF4B-00C04F79EFBC}") = "RoomAreaCalculatorApp", "RoomAreaCalculatorApp\RoomAreaCalculatorApp.csproj", "{EDBC175E-E7A9-4B98-9DB6-0EFB62AC68DD}"
EndProject
Global
	GlobalSection(SolutionConfigurationPlatforms) = preSolution
		Debug|Any CPU = Debug|Any CPU
		Release|Any CPU = Release|Any CPU
	EndGlobalSection
	GlobalSection(ProjectConfigurationPlatforms) = postSolution
		{EDBC175E-E7A9-4B98-9DB6-0EFB62AC68DD}.Debug|Any CPU.ActiveCfg = Debug|Any CPU
		{EDBC175E-E7A9-4B98-9DB6-0EFB62AC68DD}.Debug|Any CPU.Build.0 = Debug|Any CPU
		{EDBC175E-E7A9-4B98-9DB6-0EFB62AC68DD}.Release|Any CPU.ActiveCfg = Release|Any CPU
		{EDBC175E-E7A9-4B98-9DB6-0EFB62AC68DD}.Release|Any CPU.Build.0 = Release|Any CPU
	EndGlobalSection
	GlobalSection(SolutionProperties) = preSolution
		HideSolutionNode = FALSE
	EndGlobalSection
	GlobalSection(ExtensibilityGlobals) = postSolution
		SolutionGuid = {D08C04E8-EE8C-465F-9B2E-45E8A72C7B63}
	EndGlobalSection
	GlobalSection(TeamFoundationVersionControl) = preSolution
		SccNumberOfProjects = 2
		SccEnterpriseProvider = {4CA58AB2-18FA-4F8D-95D4-32DDF27D184C}
		SccTeamFoundationServer = https://tfs.unitedshore.com/tfs/defaultcollection
		SccLocalPath0 = .
		SccProjectUniqueName1 = RoomAreaCalculatorApp\\RoomAreaCalculatorApp.csproj
		SccProjectName1 = RoomAreaCalculatorApp
		SccLocalPath1 = RoomAreaCalculatorApp
	EndGlobalSection
EndGlobal
